github.com/mark4z/go-plugins-server v0.0.2 h1:Pr9dw0d7JegKh5J2LMheVV8T9aJFzziKY0mcQhs8vSQ=
github.com/mark4z/go-plugins-server v0.0.2/go.mod h1:XroyGIFtbhsdhXMpaoeOyVFmWf+4jYvjPNLl/syt21Q=
github.com/mark4z/go-plugins-server v0.0.3 h1:qNTD5GTGAoPMLeMhQB6SXkrYe113oqVmZaOcQE9K6xo=
github.com/mark4z/go-plugins-server v0.0.3/go.mod h1:XroyGIFtbhsdhXMpaoeOyVFmWf+4jYvjPNLl/syt21Q=
github.com/mark4z/go-plugins-server v0.0.4 h1:B1eGb2ppzZs6eeMjVFCyVdfGO55CcTZwqLAvHU3m250=
github.com/mark4z/go-plugins-server v0.0.4/go.mod h1:XroyGIFtbhsdhXMpaoeOyVFmWf+4jYvjPNLl/syt21Q=
